
Microsoft Visual Studio Solution File, Format Version 12.00
# Visual Studio 2012
Project("{FAE04EC0-301F-11D3-BF4B-00C04F79EFBC}") = "formörnek", "formörnek\formörnek.csproj", "{0D046277-69DE-4D08-8695-7A7C50DBFE9F}"
EndProject
Global
	GlobalSection(SolutionConfigurationPlatforms) = preSolution
		Debug|Any CPU = Debug|Any CPU
		Release|Any CPU = Release|Any CPU
	EndGlobalSection
	GlobalSection(ProjectConfigurationPlatforms) = postSolution
		{0D046277-69DE-4D08-8695-7A7C50DBFE9F}.Debug|Any CPU.ActiveCfg = Debug|Any CPU
		{0D046277-69DE-4D08-8695-7A7C50DBFE9F}.Debug|Any CPU.Build.0 = Debug|Any CPU
		{0D046277-69DE-4D08-8695-7A7C50DBFE9F}.Release|Any CPU.ActiveCfg = Release|Any CPU
		{0D046277-69DE-4D08-8695-7A7C50DBFE9F}.Release|Any CPU.Build.0 = Release|Any CPU
	EndGlobalSection
	GlobalSection(SolutionProperties) = preSolution
		HideSolutionNode = FALSE
	EndGlobalSection
EndGlobal
